// !$*UTF8*$!
{
	archiveVersion = 1;
	classes = {
	};
	objectVersion = 46;
	objects = {

/* Begin PBXBuildFile section */
		1A7DA8A318FF06C70025C677 /* App.xcassets in Resources */ = {isa = PBXBuildFile; fileRef = 1A7DA8A218FF06C70025C677 /* App.xcassets */; };
		1AE8E55518F42FB50078EBDF /* Foundation.framework in Frameworks */ = {isa = PBXBuildFile; fileRef = 1AE8E55418F42FB50078EBDF /* Foundation.framework */; };
		1AE8E55718F42FB50078EBDF /* CoreGraphics.framework in Frameworks */ = {isa = PBXBuildFile; fileRef = 1AE8E55618F42FB50078EBDF /* CoreGraphics.framework */; };
		1AE8E55918F42FB50078EBDF /* UIKit.framework in Frameworks */ = {isa = PBXBuildFile; fileRef = 1AE8E55818F42FB50078EBDF /* UIKit.framework */; };
		1AE8E55F18F42FB50078EBDF /* InfoPlist.strings in Resources */ = {isa = PBXBuildFile; fileRef = 1AE8E55D18F42FB50078EBDF /* InfoPlist.strings */; };
		1AE8E56118F42FB50078EBDF /* main.m in Sources */ = {isa = PBXBuildFile; fileRef = 1AE8E56018F42FB50078EBDF /* main.m */; };
		1AE8E56518F42FB50078EBDF /* AppDelegate.m in Sources */ = {isa = PBXBuildFile; fileRef = 1AE8E56418F42FB50078EBDF /* AppDelegate.m */; };
		1AE8E56818F42FB50078EBDF /* Main.storyboard in Resources */ = {isa = PBXBuildFile; fileRef = 1AE8E56618F42FB50078EBDF /* Main.storyboard */; };
		5722E91018FD72F500BEE3A2 /* LKPlace.m in Sources */ = {isa = PBXBuildFile; fileRef = 5722E90F18FD72F500BEE3A2 /* LKPlace.m */; };
		5722E91618FD7C3600BEE3A2 /* TabBarViewController.m in Sources */ = {isa = PBXBuildFile; fileRef = 5722E91518FD7C3600BEE3A2 /* TabBarViewController.m */; };
		5722E91A18FD7C9000BEE3A2 /* MapViewController.m in Sources */ = {isa = PBXBuildFile; fileRef = 5722E91918FD7C9000BEE3A2 /* MapViewController.m */; };
		5722E91C18FD7DF300BEE3A2 /* MapKit.framework in Frameworks */ = {isa = PBXBuildFile; fileRef = 5722E91B18FD7DF300BEE3A2 /* MapKit.framework */; };
		5722E91F18FD80C700BEE3A2 /* LKColor.m in Sources */ = {isa = PBXBuildFile; fileRef = 5722E91E18FD80C700BEE3A2 /* LKColor.m */; };
		573797F518FFDCB900ABC2CD /* LKPlaceOverlay.m in Sources */ = {isa = PBXBuildFile; fileRef = 573797F418FFDCB900ABC2CD /* LKPlaceOverlay.m */; };
		573797F8190014E700ABC2CD /* EntertainmentDetailViewController.m in Sources */ = {isa = PBXBuildFile; fileRef = 573797F7190014E700ABC2CD /* EntertainmentDetailViewController.m */; };
		57407D1518FD2A5A0003F787 /* LKEvent.m in Sources */ = {isa = PBXBuildFile; fileRef = 57407D1418FD2A5A0003F787 /* LKEvent.m */; };
		57407D1718FD2B1A0003F787 /* CoreLocation.framework in Frameworks */ = {isa = PBXBuildFile; fileRef = 57407D1618FD2B1A0003F787 /* CoreLocation.framework */; };
		57407D1A18FD2B5C0003F787 /* LKSektion.m in Sources */ = {isa = PBXBuildFile; fileRef = 57407D1918FD2B5C0003F787 /* LKSektion.m */; };
		57407D1D18FD2F110003F787 /* LKarnevalist.m in Sources */ = {isa = PBXBuildFile; fileRef = 57407D1C18FD2F110003F787 /* LKarnevalist.m */; };
		575C949D18FE7F0000A341EE /* Places.plist in Resources */ = {isa = PBXBuildFile; fileRef = 575C949C18FE7F0000A341EE /* Places.plist */; };
		575C949F18FE7F3D00A341EE /* Events.plist in Resources */ = {isa = PBXBuildFile; fileRef = 575C949E18FE7F3D00A341EE /* Events.plist */; };
		575C94A318FE838E00A341EE /* TabBar.xcassets in Resources */ = {isa = PBXBuildFile; fileRef = 575C94A218FE838E00A341EE /* TabBar.xcassets */; };
		575C94AE18FE90D900A341EE /* futura-bold.ttf in Resources */ = {isa = PBXBuildFile; fileRef = 575C94AC18FE90D900A341EE /* futura-bold.ttf */; };
		575C94AF18FE90D900A341EE /* robothead.ttf in Resources */ = {isa = PBXBuildFile; fileRef = 575C94AD18FE90D900A341EE /* robothead.ttf */; };
		575C94B818FEC9C600A341EE /* ScheduleViewController.m in Sources */ = {isa = PBXBuildFile; fileRef = 575C94B718FEC9C600A341EE /* ScheduleViewController.m */; };
		575C94BF18FED04F00A341EE /* EntertainmentNavigationViewController.m in Sources */ = {isa = PBXBuildFile; fileRef = 575C94BE18FED04F00A341EE /* EntertainmentNavigationViewController.m */; };
		575C94C518FED18200A341EE /* FoodNavigationViewController.m in Sources */ = {isa = PBXBuildFile; fileRef = 575C94C418FED18200A341EE /* FoodNavigationViewController.m */; };
		575C94C818FED40000A341EE /* EntertainmentViewController.m in Sources */ = {isa = PBXBuildFile; fileRef = 575C94C718FED40000A341EE /* EntertainmentViewController.m */; };
		575C94CB18FED4B400A341EE /* FoodViewController.m in Sources */ = {isa = PBXBuildFile; fileRef = 575C94CA18FED4B400A341EE /* FoodViewController.m */; };
		576EA12C18FDD6BE00D4166D /* LKarneval.m in Sources */ = {isa = PBXBuildFile; fileRef = 576EA12B18FDD6BE00D4166D /* LKarneval.m */; };
		576EA12F18FDD8F300D4166D /* OpeningHours.plist in Resources */ = {isa = PBXBuildFile; fileRef = 576EA12E18FDD8F300D4166D /* OpeningHours.plist */; };
		578929C519007BD4002AA116 /* PlaceCategories.xcassets in Resources */ = {isa = PBXBuildFile; fileRef = 578929C419007BD4002AA116 /* PlaceCategories.xcassets */; };
		578929C91900839A002AA116 /* Events.xcassets in Resources */ = {isa = PBXBuildFile; fileRef = 578929C81900839A002AA116 /* Events.xcassets */; };
/* End PBXBuildFile section */

/* Begin PBXFileReference section */
		1A7DA8A218FF06C70025C677 /* App.xcassets */ = {isa = PBXFileReference; lastKnownFileType = folder.assetcatalog; path = App.xcassets; sourceTree = "<group>"; };
		1AE8E55118F42FB50078EBDF /* Lundakarnevalen.app */ = {isa = PBXFileReference; explicitFileType = wrapper.application; includeInIndex = 0; path = Lundakarnevalen.app; sourceTree = BUILT_PRODUCTS_DIR; };
		1AE8E55418F42FB50078EBDF /* Foundation.framework */ = {isa = PBXFileReference; lastKnownFileType = wrapper.framework; name = Foundation.framework; path = System/Library/Frameworks/Foundation.framework; sourceTree = SDKROOT; };
		1AE8E55618F42FB50078EBDF /* CoreGraphics.framework */ = {isa = PBXFileReference; lastKnownFileType = wrapper.framework; name = CoreGraphics.framework; path = System/Library/Frameworks/CoreGraphics.framework; sourceTree = SDKROOT; };
		1AE8E55818F42FB50078EBDF /* UIKit.framework */ = {isa = PBXFileReference; lastKnownFileType = wrapper.framework; name = UIKit.framework; path = System/Library/Frameworks/UIKit.framework; sourceTree = SDKROOT; };
		1AE8E55C18F42FB50078EBDF /* Lundakarnevalen-Info.plist */ = {isa = PBXFileReference; lastKnownFileType = text.plist.xml; path = "Lundakarnevalen-Info.plist"; sourceTree = "<group>"; };
		1AE8E55E18F42FB50078EBDF /* en */ = {isa = PBXFileReference; lastKnownFileType = text.plist.strings; name = en; path = en.lproj/InfoPlist.strings; sourceTree = "<group>"; };
		1AE8E56018F42FB50078EBDF /* main.m */ = {isa = PBXFileReference; lastKnownFileType = sourcecode.c.objc; lineEnding = 0; path = main.m; sourceTree = "<group>"; xcLanguageSpecificationIdentifier = xcode.lang.objc; };
		1AE8E56218F42FB50078EBDF /* Lundakarnevalen-Prefix.pch */ = {isa = PBXFileReference; lastKnownFileType = sourcecode.c.h; path = "Lundakarnevalen-Prefix.pch"; sourceTree = "<group>"; };
		1AE8E56318F42FB50078EBDF /* AppDelegate.h */ = {isa = PBXFileReference; lastKnownFileType = sourcecode.c.h; lineEnding = 0; path = AppDelegate.h; sourceTree = "<group>"; xcLanguageSpecificationIdentifier = xcode.lang.objcpp; };
		1AE8E56418F42FB50078EBDF /* AppDelegate.m */ = {isa = PBXFileReference; lastKnownFileType = sourcecode.c.objc; lineEnding = 0; path = AppDelegate.m; sourceTree = "<group>"; xcLanguageSpecificationIdentifier = xcode.lang.objc; };
		1AE8E56718F42FB50078EBDF /* Base */ = {isa = PBXFileReference; lastKnownFileType = file.storyboard; name = Base; path = Base.lproj/Main.storyboard; sourceTree = "<group>"; };
		1AE8E57318F42FB50078EBDF /* XCTest.framework */ = {isa = PBXFileReference; lastKnownFileType = wrapper.framework; name = XCTest.framework; path = Library/Frameworks/XCTest.framework; sourceTree = DEVELOPER_DIR; };
		5722E90E18FD72F500BEE3A2 /* LKPlace.h */ = {isa = PBXFileReference; fileEncoding = 4; lastKnownFileType = sourcecode.c.h; lineEnding = 0; name = LKPlace.h; path = Models/LKPlace.h; sourceTree = "<group>"; xcLanguageSpecificationIdentifier = xcode.lang.objcpp; };
		5722E90F18FD72F500BEE3A2 /* LKPlace.m */ = {isa = PBXFileReference; fileEncoding = 4; lastKnownFileType = sourcecode.c.objc; lineEnding = 0; name = LKPlace.m; path = Models/LKPlace.m; sourceTree = "<group>"; xcLanguageSpecificationIdentifier = xcode.lang.objc; };
		5722E91418FD7C3600BEE3A2 /* TabBarViewController.h */ = {isa = PBXFileReference; fileEncoding = 4; lastKnownFileType = sourcecode.c.h; lineEnding = 0; name = TabBarViewController.h; path = Controllers/TabBarViewController.h; sourceTree = "<group>"; xcLanguageSpecificationIdentifier = xcode.lang.objcpp; };
		5722E91518FD7C3600BEE3A2 /* TabBarViewController.m */ = {isa = PBXFileReference; fileEncoding = 4; lastKnownFileType = sourcecode.c.objc; lineEnding = 0; name = TabBarViewController.m; path = Controllers/TabBarViewController.m; sourceTree = "<group>"; xcLanguageSpecificationIdentifier = xcode.lang.objc; };
		5722E91818FD7C9000BEE3A2 /* MapViewController.h */ = {isa = PBXFileReference; fileEncoding = 4; lastKnownFileType = sourcecode.c.h; lineEnding = 0; name = MapViewController.h; path = Controllers/MapViewController.h; sourceTree = "<group>"; xcLanguageSpecificationIdentifier = xcode.lang.objcpp; };
		5722E91918FD7C9000BEE3A2 /* MapViewController.m */ = {isa = PBXFileReference; fileEncoding = 4; lastKnownFileType = sourcecode.c.objc; lineEnding = 0; name = MapViewController.m; path = Controllers/MapViewController.m; sourceTree = "<group>"; xcLanguageSpecificationIdentifier = xcode.lang.objc; };
		5722E91B18FD7DF300BEE3A2 /* MapKit.framework */ = {isa = PBXFileReference; lastKnownFileType = wrapper.framework; name = MapKit.framework; path = System/Library/Frameworks/MapKit.framework; sourceTree = SDKROOT; };
		5722E91D18FD80C700BEE3A2 /* LKColor.h */ = {isa = PBXFileReference; fileEncoding = 4; lastKnownFileType = sourcecode.c.h; lineEnding = 0; name = LKColor.h; path = Models/LKColor.h; sourceTree = "<group>"; xcLanguageSpecificationIdentifier = xcode.lang.objcpp; };
		5722E91E18FD80C700BEE3A2 /* LKColor.m */ = {isa = PBXFileReference; fileEncoding = 4; lastKnownFileType = sourcecode.c.objc; lineEnding = 0; name = LKColor.m; path = Models/LKColor.m; sourceTree = "<group>"; xcLanguageSpecificationIdentifier = xcode.lang.objc; };
		573797F318FFDCB900ABC2CD /* LKPlaceOverlay.h */ = {isa = PBXFileReference; fileEncoding = 4; lastKnownFileType = sourcecode.c.h; name = LKPlaceOverlay.h; path = Models/LKPlaceOverlay.h; sourceTree = "<group>"; };
		573797F418FFDCB900ABC2CD /* LKPlaceOverlay.m */ = {isa = PBXFileReference; fileEncoding = 4; lastKnownFileType = sourcecode.c.objc; name = LKPlaceOverlay.m; path = Models/LKPlaceOverlay.m; sourceTree = "<group>"; };
		573797F6190014E700ABC2CD /* EntertainmentDetailViewController.h */ = {isa = PBXFileReference; fileEncoding = 4; lastKnownFileType = sourcecode.c.h; name = EntertainmentDetailViewController.h; path = Controllers/EntertainmentDetailViewController.h; sourceTree = "<group>"; };
		573797F7190014E700ABC2CD /* EntertainmentDetailViewController.m */ = {isa = PBXFileReference; fileEncoding = 4; lastKnownFileType = sourcecode.c.objc; name = EntertainmentDetailViewController.m; path = Controllers/EntertainmentDetailViewController.m; sourceTree = "<group>"; };
		57407D1318FD2A5A0003F787 /* LKEvent.h */ = {isa = PBXFileReference; fileEncoding = 4; lastKnownFileType = sourcecode.c.h; lineEnding = 0; name = LKEvent.h; path = Models/LKEvent.h; sourceTree = "<group>"; xcLanguageSpecificationIdentifier = xcode.lang.objcpp; };
		57407D1418FD2A5A0003F787 /* LKEvent.m */ = {isa = PBXFileReference; fileEncoding = 4; lastKnownFileType = sourcecode.c.objc; lineEnding = 0; name = LKEvent.m; path = Models/LKEvent.m; sourceTree = "<group>"; xcLanguageSpecificationIdentifier = xcode.lang.objc; };
		57407D1618FD2B1A0003F787 /* CoreLocation.framework */ = {isa = PBXFileReference; lastKnownFileType = wrapper.framework; name = CoreLocation.framework; path = System/Library/Frameworks/CoreLocation.framework; sourceTree = SDKROOT; };
		57407D1818FD2B5C0003F787 /* LKSektion.h */ = {isa = PBXFileReference; fileEncoding = 4; lastKnownFileType = sourcecode.c.h; lineEnding = 0; name = LKSektion.h; path = Models/LKSektion.h; sourceTree = "<group>"; xcLanguageSpecificationIdentifier = xcode.lang.objcpp; };
		57407D1918FD2B5C0003F787 /* LKSektion.m */ = {isa = PBXFileReference; fileEncoding = 4; lastKnownFileType = sourcecode.c.objc; lineEnding = 0; name = LKSektion.m; path = Models/LKSektion.m; sourceTree = "<group>"; xcLanguageSpecificationIdentifier = xcode.lang.objc; };
		57407D1B18FD2F110003F787 /* LKarnevalist.h */ = {isa = PBXFileReference; fileEncoding = 4; lastKnownFileType = sourcecode.c.h; lineEnding = 0; name = LKarnevalist.h; path = Models/LKarnevalist.h; sourceTree = "<group>"; xcLanguageSpecificationIdentifier = xcode.lang.objcpp; };
		57407D1C18FD2F110003F787 /* LKarnevalist.m */ = {isa = PBXFileReference; fileEncoding = 4; lastKnownFileType = sourcecode.c.objc; lineEnding = 0; name = LKarnevalist.m; path = Models/LKarnevalist.m; sourceTree = "<group>"; xcLanguageSpecificationIdentifier = xcode.lang.objc; };
		575C949C18FE7F0000A341EE /* Places.plist */ = {isa = PBXFileReference; fileEncoding = 4; lastKnownFileType = text.plist.xml; name = Places.plist; path = Data/Places.plist; sourceTree = "<group>"; };
		575C949E18FE7F3D00A341EE /* Events.plist */ = {isa = PBXFileReference; fileEncoding = 4; lastKnownFileType = text.plist.xml; name = Events.plist; path = Data/Events.plist; sourceTree = "<group>"; };
		575C94A218FE838E00A341EE /* TabBar.xcassets */ = {isa = PBXFileReference; lastKnownFileType = folder.assetcatalog; name = TabBar.xcassets; path = Data/Sprites/TabBar.xcassets; sourceTree = "<group>"; };
		575C94AC18FE90D900A341EE /* futura-bold.ttf */ = {isa = PBXFileReference; lastKnownFileType = file; name = "futura-bold.ttf"; path = "Data/Typefaces/futura-bold.ttf"; sourceTree = "<group>"; };
		575C94AD18FE90D900A341EE /* robothead.ttf */ = {isa = PBXFileReference; lastKnownFileType = file; name = robothead.ttf; path = Data/Typefaces/robothead.ttf; sourceTree = "<group>"; };
		575C94B618FEC9C600A341EE /* ScheduleViewController.h */ = {isa = PBXFileReference; fileEncoding = 4; lastKnownFileType = sourcecode.c.h; name = ScheduleViewController.h; path = Controllers/ScheduleViewController.h; sourceTree = "<group>"; };
		575C94B718FEC9C600A341EE /* ScheduleViewController.m */ = {isa = PBXFileReference; fileEncoding = 4; lastKnownFileType = sourcecode.c.objc; name = ScheduleViewController.m; path = Controllers/ScheduleViewController.m; sourceTree = "<group>"; };
		575C94BD18FED04F00A341EE /* EntertainmentNavigationViewController.h */ = {isa = PBXFileReference; fileEncoding = 4; lastKnownFileType = sourcecode.c.h; name = EntertainmentNavigationViewController.h; path = Controllers/EntertainmentNavigationViewController.h; sourceTree = "<group>"; };
		575C94BE18FED04F00A341EE /* EntertainmentNavigationViewController.m */ = {isa = PBXFileReference; fileEncoding = 4; lastKnownFileType = sourcecode.c.objc; name = EntertainmentNavigationViewController.m; path = Controllers/EntertainmentNavigationViewController.m; sourceTree = "<group>"; };
		575C94C318FED18200A341EE /* FoodNavigationViewController.h */ = {isa = PBXFileReference; fileEncoding = 4; lastKnownFileType = sourcecode.c.h; name = FoodNavigationViewController.h; path = Controllers/FoodNavigationViewController.h; sourceTree = "<group>"; };
		575C94C418FED18200A341EE /* FoodNavigationViewController.m */ = {isa = PBXFileReference; fileEncoding = 4; lastKnownFileType = sourcecode.c.objc; name = FoodNavigationViewController.m; path = Controllers/FoodNavigationViewController.m; sourceTree = "<group>"; };
		575C94C618FED40000A341EE /* EntertainmentViewController.h */ = {isa = PBXFileReference; fileEncoding = 4; lastKnownFileType = sourcecode.c.h; name = EntertainmentViewController.h; path = Controllers/EntertainmentViewController.h; sourceTree = "<group>"; };
		575C94C718FED40000A341EE /* EntertainmentViewController.m */ = {isa = PBXFileReference; fileEncoding = 4; lastKnownFileType = sourcecode.c.objc; name = EntertainmentViewController.m; path = Controllers/EntertainmentViewController.m; sourceTree = "<group>"; };
		575C94C918FED4B400A341EE /* FoodViewController.h */ = {isa = PBXFileReference; fileEncoding = 4; lastKnownFileType = sourcecode.c.h; name = FoodViewController.h; path = Controllers/FoodViewController.h; sourceTree = "<group>"; };
		575C94CA18FED4B400A341EE /* FoodViewController.m */ = {isa = PBXFileReference; fileEncoding = 4; lastKnownFileType = sourcecode.c.objc; name = FoodViewController.m; path = Controllers/FoodViewController.m; sourceTree = "<group>"; };
		576EA12A18FDD6BE00D4166D /* LKarneval.h */ = {isa = PBXFileReference; fileEncoding = 4; lastKnownFileType = sourcecode.c.h; lineEnding = 0; name = LKarneval.h; path = Models/LKarneval.h; sourceTree = "<group>"; xcLanguageSpecificationIdentifier = xcode.lang.objcpp; };
		576EA12B18FDD6BE00D4166D /* LKarneval.m */ = {isa = PBXFileReference; fileEncoding = 4; lastKnownFileType = sourcecode.c.objc; lineEnding = 0; name = LKarneval.m; path = Models/LKarneval.m; sourceTree = "<group>"; xcLanguageSpecificationIdentifier = xcode.lang.objc; };
		576EA12E18FDD8F300D4166D /* OpeningHours.plist */ = {isa = PBXFileReference; fileEncoding = 4; lastKnownFileType = text.plist.xml; name = OpeningHours.plist; path = Data/OpeningHours.plist; sourceTree = "<group>"; };
		578929C419007BD4002AA116 /* PlaceCategories.xcassets */ = {isa = PBXFileReference; lastKnownFileType = folder.assetcatalog; name = PlaceCategories.xcassets; path = Data/Sprites/PlaceCategories.xcassets; sourceTree = "<group>"; };
		578929C81900839A002AA116 /* Events.xcassets */ = {isa = PBXFileReference; lastKnownFileType = folder.assetcatalog; name = Events.xcassets; path = Data/Sprites/Events.xcassets; sourceTree = "<group>"; };
/* End PBXFileReference section */

/* Begin PBXFrameworksBuildPhase section */
		1AE8E54E18F42FB50078EBDF /* Frameworks */ = {
			isa = PBXFrameworksBuildPhase;
			buildActionMask = 2147483647;
			files = (
				5722E91C18FD7DF300BEE3A2 /* MapKit.framework in Frameworks */,
				57407D1718FD2B1A0003F787 /* CoreLocation.framework in Frameworks */,
				1AE8E55718F42FB50078EBDF /* CoreGraphics.framework in Frameworks */,
				1AE8E55918F42FB50078EBDF /* UIKit.framework in Frameworks */,
				1AE8E55518F42FB50078EBDF /* Foundation.framework in Frameworks */,
			);
			runOnlyForDeploymentPostprocessing = 0;
		};
/* End PBXFrameworksBuildPhase section */

/* Begin PBXGroup section */
		1AE8E54818F42FB50078EBDF = {
			isa = PBXGroup;
			children = (
				1AE8E55A18F42FB50078EBDF /* Lundakarnevalen */,
				1AE8E55318F42FB50078EBDF /* Frameworks */,
				1AE8E55218F42FB50078EBDF /* Products */,
			);
			sourceTree = "<group>";
		};
		1AE8E55218F42FB50078EBDF /* Products */ = {
			isa = PBXGroup;
			children = (
				1AE8E55118F42FB50078EBDF /* Lundakarnevalen.app */,
			);
			name = Products;
			sourceTree = "<group>";
		};
		1AE8E55318F42FB50078EBDF /* Frameworks */ = {
			isa = PBXGroup;
			children = (
				5722E91B18FD7DF300BEE3A2 /* MapKit.framework */,
				57407D1618FD2B1A0003F787 /* CoreLocation.framework */,
				1AE8E55418F42FB50078EBDF /* Foundation.framework */,
				1AE8E55618F42FB50078EBDF /* CoreGraphics.framework */,
				1AE8E55818F42FB50078EBDF /* UIKit.framework */,
				1AE8E57318F42FB50078EBDF /* XCTest.framework */,
			);
			name = Frameworks;
			sourceTree = "<group>";
		};
		1AE8E55A18F42FB50078EBDF /* Lundakarnevalen */ = {
			isa = PBXGroup;
			children = (
				573797EE18FFD57D00ABC2CD /* Views */,
				576EA12D18FDD8D400D4166D /* Data */,
				57407D0F18FD29F20003F787 /* Controllers */,
				57407D0E18FD29EB0003F787 /* Models */,
				1AE8E56318F42FB50078EBDF /* AppDelegate.h */,
				1AE8E56418F42FB50078EBDF /* AppDelegate.m */,
				1AE8E56618F42FB50078EBDF /* Main.storyboard */,
				1AE8E55B18F42FB50078EBDF /* Supporting Files */,
				1A7DA8A218FF06C70025C677 /* App.xcassets */,
			);
			name = Lundakarnevalen;
			path = "futural-extern-ios";
			sourceTree = "<group>";
		};
		1AE8E55B18F42FB50078EBDF /* Supporting Files */ = {
			isa = PBXGroup;
			children = (
				1AE8E55C18F42FB50078EBDF /* Lundakarnevalen-Info.plist */,
				1AE8E55D18F42FB50078EBDF /* InfoPlist.strings */,
				1AE8E56018F42FB50078EBDF /* main.m */,
				1AE8E56218F42FB50078EBDF /* Lundakarnevalen-Prefix.pch */,
			);
			name = "Supporting Files";
			sourceTree = "<group>";
		};
		5722E92018FD81B300BEE3A2 /* Toolbox */ = {
			isa = PBXGroup;
			children = (
				5722E91D18FD80C700BEE3A2 /* LKColor.h */,
				5722E91E18FD80C700BEE3A2 /* LKColor.m */,
			);
			name = Toolbox;
			sourceTree = "<group>";
		};
		573797EE18FFD57D00ABC2CD /* Views */ = {
			isa = PBXGroup;
			children = (
			);
			name = Views;
			sourceTree = "<group>";
		};
		573797F218FFDC8700ABC2CD /* Map */ = {
			isa = PBXGroup;
			children = (
				573797F318FFDCB900ABC2CD /* LKPlaceOverlay.h */,
				573797F418FFDCB900ABC2CD /* LKPlaceOverlay.m */,
			);
			name = Map;
			sourceTree = "<group>";
		};
		573797F91900156000ABC2CD /* Entertainment */ = {
			isa = PBXGroup;
			children = (
				573797FA1900156B00ABC2CD /* List */,
				573797FB1900157C00ABC2CD /* Detail */,
			);
			name = Entertainment;
			sourceTree = "<group>";
		};
		573797FA1900156B00ABC2CD /* List */ = {
			isa = PBXGroup;
			children = (
				575C94C618FED40000A341EE /* EntertainmentViewController.h */,
				575C94C718FED40000A341EE /* EntertainmentViewController.m */,
			);
			name = List;
			sourceTree = "<group>";
		};
		573797FB1900157C00ABC2CD /* Detail */ = {
			isa = PBXGroup;
			children = (
				573797F6190014E700ABC2CD /* EntertainmentDetailViewController.h */,
				573797F7190014E700ABC2CD /* EntertainmentDetailViewController.m */,
			);
			name = Detail;
			sourceTree = "<group>";
		};
		57407D0E18FD29EB0003F787 /* Models */ = {
			isa = PBXGroup;
			children = (
				573797F218FFDC8700ABC2CD /* Map */,
				576EA12A18FDD6BE00D4166D /* LKarneval.h */,
				576EA12B18FDD6BE00D4166D /* LKarneval.m */,
				57407D1318FD2A5A0003F787 /* LKEvent.h */,
				57407D1418FD2A5A0003F787 /* LKEvent.m */,
				57407D1818FD2B5C0003F787 /* LKSektion.h */,
				57407D1918FD2B5C0003F787 /* LKSektion.m */,
				57407D1B18FD2F110003F787 /* LKarnevalist.h */,
				57407D1C18FD2F110003F787 /* LKarnevalist.m */,
				5722E90E18FD72F500BEE3A2 /* LKPlace.h */,
				5722E90F18FD72F500BEE3A2 /* LKPlace.m */,
				5722E92018FD81B300BEE3A2 /* Toolbox */,
			);
			name = Models;
			sourceTree = "<group>";
		};
		57407D0F18FD29F20003F787 /* Controllers */ = {
			isa = PBXGroup;
			children = (
				575C94C918FED4B400A341EE /* FoodViewController.h */,
				575C94CA18FED4B400A341EE /* FoodViewController.m */,
				573797F91900156000ABC2CD /* Entertainment */,
				5722E91818FD7C9000BEE3A2 /* MapViewController.h */,
				5722E91918FD7C9000BEE3A2 /* MapViewController.m */,
				575C94B618FEC9C600A341EE /* ScheduleViewController.h */,
				575C94B718FEC9C600A341EE /* ScheduleViewController.m */,
				575C94BC18FED02400A341EE /* Navigation */,
			);
			name = Controllers;
			sourceTree = "<group>";
		};
		575C94A118FE835400A341EE /* Sprites */ = {
			isa = PBXGroup;
			children = (
				575C94A218FE838E00A341EE /* TabBar.xcassets */,
				578929C419007BD4002AA116 /* PlaceCategories.xcassets */,
				578929C81900839A002AA116 /* Events.xcassets */,
			);
			name = Sprites;
			sourceTree = "<group>";
		};
		575C94A818FE8D0000A341EE /* Typefaces */ = {
			isa = PBXGroup;
			children = (
				575C94AC18FE90D900A341EE /* futura-bold.ttf */,
				575C94AD18FE90D900A341EE /* robothead.ttf */,
			);
			name = Typefaces;
			sourceTree = "<group>";
		};
		575C94BC18FED02400A341EE /* Navigation */ = {
			isa = PBXGroup;
			children = (
				575C94C318FED18200A341EE /* FoodNavigationViewController.h */,
				575C94C418FED18200A341EE /* FoodNavigationViewController.m */,
				575C94BD18FED04F00A341EE /* EntertainmentNavigationViewController.h */,
				575C94BE18FED04F00A341EE /* EntertainmentNavigationViewController.m */,
				5722E91418FD7C3600BEE3A2 /* TabBarViewController.h */,
				5722E91518FD7C3600BEE3A2 /* TabBarViewController.m */,
			);
			name = Navigation;
			sourceTree = "<group>";
		};
		576EA12D18FDD8D400D4166D /* Data */ = {
			isa = PBXGroup;
			children = (
				575C94A818FE8D0000A341EE /* Typefaces */,
				575C94A118FE835400A341EE /* Sprites */,
				576EA12E18FDD8F300D4166D /* OpeningHours.plist */,
				575C949C18FE7F0000A341EE /* Places.plist */,
				575C949E18FE7F3D00A341EE /* Events.plist */,
			);
			name = Data;
			sourceTree = "<group>";
		};
/* End PBXGroup section */

/* Begin PBXNativeTarget section */
		1AE8E55018F42FB50078EBDF /* Lundakarnevalen */ = {
			isa = PBXNativeTarget;
			buildConfigurationList = 1AE8E58318F42FB50078EBDF /* Build configuration list for PBXNativeTarget "Lundakarnevalen" */;
			buildPhases = (
				1AE8E54D18F42FB50078EBDF /* Sources */,
				1AE8E54E18F42FB50078EBDF /* Frameworks */,
				1AE8E54F18F42FB50078EBDF /* Resources */,
			);
			buildRules = (
			);
			dependencies = (
			);
			name = Lundakarnevalen;
			productName = "futural-extern-ios";
			productReference = 1AE8E55118F42FB50078EBDF /* Lundakarnevalen.app */;
			productType = "com.apple.product-type.application";
		};
/* End PBXNativeTarget section */

/* Begin PBXProject section */
		1AE8E54918F42FB50078EBDF /* Project object */ = {
			isa = PBXProject;
			attributes = {
				LastUpgradeCheck = 0510;
				ORGANIZATIONNAME = Lundakarnevalen;
			};
			buildConfigurationList = 1AE8E54C18F42FB50078EBDF /* Build configuration list for PBXProject "Lundakarnevalen" */;
			compatibilityVersion = "Xcode 3.2";
			developmentRegion = English;
			hasScannedForEncodings = 0;
			knownRegions = (
				en,
				Base,
			);
			mainGroup = 1AE8E54818F42FB50078EBDF;
			productRefGroup = 1AE8E55218F42FB50078EBDF /* Products */;
			projectDirPath = "";
			projectRoot = "";
			targets = (
				1AE8E55018F42FB50078EBDF /* Lundakarnevalen */,
			);
		};
/* End PBXProject section */

/* Begin PBXResourcesBuildPhase section */
		1AE8E54F18F42FB50078EBDF /* Resources */ = {
			isa = PBXResourcesBuildPhase;
			buildActionMask = 2147483647;
			files = (
				575C94AE18FE90D900A341EE /* futura-bold.ttf in Resources */,
				575C949F18FE7F3D00A341EE /* Events.plist in Resources */,
				578929C91900839A002AA116 /* Events.xcassets in Resources */,
				575C94AF18FE90D900A341EE /* robothead.ttf in Resources */,
				578929C519007BD4002AA116 /* PlaceCategories.xcassets in Resources */,
				576EA12F18FDD8F300D4166D /* OpeningHours.plist in Resources */,
				1AE8E55F18F42FB50078EBDF /* InfoPlist.strings in Resources */,
				575C949D18FE7F0000A341EE /* Places.plist in Resources */,
				1AE8E56818F42FB50078EBDF /* Main.storyboard in Resources */,
				575C94A318FE838E00A341EE /* TabBar.xcassets in Resources */,
				1A7DA8A318FF06C70025C677 /* App.xcassets in Resources */,
			);
			runOnlyForDeploymentPostprocessing = 0;
		};
/* End PBXResourcesBuildPhase section */

/* Begin PBXSourcesBuildPhase section */
		1AE8E54D18F42FB50078EBDF /* Sources */ = {
			isa = PBXSourcesBuildPhase;
			buildActionMask = 2147483647;
			files = (
				575C94C518FED18200A341EE /* FoodNavigationViewController.m in Sources */,
				1AE8E56518F42FB50078EBDF /* AppDelegate.m in Sources */,
				57407D1D18FD2F110003F787 /* LKarnevalist.m in Sources */,
				5722E91618FD7C3600BEE3A2 /* TabBarViewController.m in Sources */,
				5722E91A18FD7C9000BEE3A2 /* MapViewController.m in Sources */,
				575C94BF18FED04F00A341EE /* EntertainmentNavigationViewController.m in Sources */,
				575C94CB18FED4B400A341EE /* FoodViewController.m in Sources */,
				57407D1518FD2A5A0003F787 /* LKEvent.m in Sources */,
				57407D1A18FD2B5C0003F787 /* LKSektion.m in Sources */,
				573797F518FFDCB900ABC2CD /* LKPlaceOverlay.m in Sources */,
				575C94B818FEC9C600A341EE /* ScheduleViewController.m in Sources */,
				573797F8190014E700ABC2CD /* EntertainmentDetailViewController.m in Sources */,
				5722E91018FD72F500BEE3A2 /* LKPlace.m in Sources */,
				5722E91F18FD80C700BEE3A2 /* LKColor.m in Sources */,
				576EA12C18FDD6BE00D4166D /* LKarneval.m in Sources */,
				1AE8E56118F42FB50078EBDF /* main.m in Sources */,
				575C94C818FED40000A341EE /* EntertainmentViewController.m in Sources */,
			);
			runOnlyForDeploymentPostprocessing = 0;
		};
/* End PBXSourcesBuildPhase section */

/* Begin PBXVariantGroup section */
		1AE8E55D18F42FB50078EBDF /* InfoPlist.strings */ = {
			isa = PBXVariantGroup;
			children = (
				1AE8E55E18F42FB50078EBDF /* en */,
			);
			name = InfoPlist.strings;
			sourceTree = "<group>";
		};
		1AE8E56618F42FB50078EBDF /* Main.storyboard */ = {
			isa = PBXVariantGroup;
			children = (
				1AE8E56718F42FB50078EBDF /* Base */,
			);
			name = Main.storyboard;
			sourceTree = "<group>";
		};
/* End PBXVariantGroup section */

/* Begin XCBuildConfiguration section */
		1AE8E58118F42FB50078EBDF /* Debug */ = {
			isa = XCBuildConfiguration;
			buildSettings = {
				ALWAYS_SEARCH_USER_PATHS = NO;
				CLANG_CXX_LANGUAGE_STANDARD = "gnu++0x";
				CLANG_CXX_LIBRARY = "libc++";
				CLANG_ENABLE_MODULES = YES;
				CLANG_ENABLE_OBJC_ARC = YES;
				CLANG_WARN_BOOL_CONVERSION = YES;
				CLANG_WARN_CONSTANT_CONVERSION = YES;
				CLANG_WARN_DIRECT_OBJC_ISA_USAGE = YES_ERROR;
				CLANG_WARN_EMPTY_BODY = YES;
				CLANG_WARN_ENUM_CONVERSION = YES;
				CLANG_WARN_INT_CONVERSION = YES;
				CLANG_WARN_OBJC_ROOT_CLASS = YES_ERROR;
				CLANG_WARN__DUPLICATE_METHOD_MATCH = YES;
				"CODE_SIGN_IDENTITY[sdk=iphoneos*]" = "iPhone Developer";
				COPY_PHASE_STRIP = NO;
				GCC_C_LANGUAGE_STANDARD = gnu99;
				GCC_DYNAMIC_NO_PIC = NO;
				GCC_OPTIMIZATION_LEVEL = 0;
				GCC_PREPROCESSOR_DEFINITIONS = (
					"DEBUG=1",
					"$(inherited)",
				);
				GCC_SYMBOLS_PRIVATE_EXTERN = NO;
				GCC_WARN_64_TO_32_BIT_CONVERSION = YES;
				GCC_WARN_ABOUT_RETURN_TYPE = YES_ERROR;
				GCC_WARN_UNDECLARED_SELECTOR = YES;
				GCC_WARN_UNINITIALIZED_AUTOS = YES_AGGRESSIVE;
				GCC_WARN_UNUSED_FUNCTION = YES;
				GCC_WARN_UNUSED_VARIABLE = YES;
				IPHONEOS_DEPLOYMENT_TARGET = 7.1;
				ONLY_ACTIVE_ARCH = YES;
				SDKROOT = iphoneos;
			};
			name = Debug;
		};
		1AE8E58218F42FB50078EBDF /* Release */ = {
			isa = XCBuildConfiguration;
			buildSettings = {
				ALWAYS_SEARCH_USER_PATHS = NO;
				CLANG_CXX_LANGUAGE_STANDARD = "gnu++0x";
				CLANG_CXX_LIBRARY = "libc++";
				CLANG_ENABLE_MODULES = YES;
				CLANG_ENABLE_OBJC_ARC = YES;
				CLANG_WARN_BOOL_CONVERSION = YES;
				CLANG_WARN_CONSTANT_CONVERSION = YES;
				CLANG_WARN_DIRECT_OBJC_ISA_USAGE = YES_ERROR;
				CLANG_WARN_EMPTY_BODY = YES;
				CLANG_WARN_ENUM_CONVERSION = YES;
				CLANG_WARN_INT_CONVERSION = YES;
				CLANG_WARN_OBJC_ROOT_CLASS = YES_ERROR;
				CLANG_WARN__DUPLICATE_METHOD_MATCH = YES;
				"CODE_SIGN_IDENTITY[sdk=iphoneos*]" = "iPhone Developer";
				COPY_PHASE_STRIP = YES;
				ENABLE_NS_ASSERTIONS = NO;
				GCC_C_LANGUAGE_STANDARD = gnu99;
				GCC_WARN_64_TO_32_BIT_CONVERSION = YES;
				GCC_WARN_ABOUT_RETURN_TYPE = YES_ERROR;
				GCC_WARN_UNDECLARED_SELECTOR = YES;
				GCC_WARN_UNINITIALIZED_AUTOS = YES_AGGRESSIVE;
				GCC_WARN_UNUSED_FUNCTION = YES;
				GCC_WARN_UNUSED_VARIABLE = YES;
				IPHONEOS_DEPLOYMENT_TARGET = 7.1;
				SDKROOT = iphoneos;
				VALIDATE_PRODUCT = YES;
			};
			name = Release;
		};
		1AE8E58418F42FB50078EBDF /* Debug */ = {
			isa = XCBuildConfiguration;
			buildSettings = {
				ASSETCATALOG_COMPILER_APPICON_NAME = AppIcon;
				ASSETCATALOG_COMPILER_LAUNCHIMAGE_NAME = LaunchImage;
				FRAMEWORK_SEARCH_PATHS = (
					"$(inherited)",
					"$(PROJECT_DIR)",
				);
				GCC_PRECOMPILE_PREFIX_HEADER = YES;
				GCC_PREFIX_HEADER = "futural-extern-ios/Lundakarnevalen-Prefix.pch";
				INFOPLIST_FILE = "futural-extern-ios/Lundakarnevalen-Info.plist";
				IPHONEOS_DEPLOYMENT_TARGET = 6.1;
				PRODUCT_NAME = Lundakarnevalen;
				WRAPPER_EXTENSION = app;
			};
			name = Debug;
		};
		1AE8E58518F42FB50078EBDF /* Release */ = {
			isa = XCBuildConfiguration;
			buildSettings = {
				ASSETCATALOG_COMPILER_APPICON_NAME = AppIcon;
				ASSETCATALOG_COMPILER_LAUNCHIMAGE_NAME = LaunchImage;
				FRAMEWORK_SEARCH_PATHS = (
					"$(inherited)",
					"$(PROJECT_DIR)",
				);
				GCC_PRECOMPILE_PREFIX_HEADER = YES;
				GCC_PREFIX_HEADER = "futural-extern-ios/Lundakarnevalen-Prefix.pch";
				INFOPLIST_FILE = "futural-extern-ios/Lundakarnevalen-Info.plist";
				IPHONEOS_DEPLOYMENT_TARGET = 6.1;
				PRODUCT_NAME = Lundakarnevalen;
				WRAPPER_EXTENSION = app;
			};
			name = Release;
		};
/* End XCBuildConfiguration section */

/* Begin XCConfigurationList section */
		1AE8E54C18F42FB50078EBDF /* Build configuration list for PBXProject "Lundakarnevalen" */ = {
			isa = XCConfigurationList;
			buildConfigurations = (
				1AE8E58118F42FB50078EBDF /* Debug */,
				1AE8E58218F42FB50078EBDF /* Release */,
			);
			defaultConfigurationIsVisible = 0;
			defaultConfigurationName = Release;
		};
		1AE8E58318F42FB50078EBDF /* Build configuration list for PBXNativeTarget "Lundakarnevalen" */ = {
			isa = XCConfigurationList;
			buildConfigurations = (
				1AE8E58418F42FB50078EBDF /* Debug */,
				1AE8E58518F42FB50078EBDF /* Release */,
			);
			defaultConfigurationIsVisible = 0;
			defaultConfigurationName = Release;
		};
/* End XCConfigurationList section */
	};
	rootObject = 1AE8E54918F42FB50078EBDF /* Project object */;
}
